[[package]]
name = "snafu"
version = "0.1.0"
dependencies = [
 "winapi 0.3.2 (registry+https://github.com/rust-lang/crates.io-index)",
 "winreg 0.5.0 (registry+https://github.com/rust-lang/crates.io-index)",
]

[[package]]
name = "winapi"
version = "0.3.2"
source = "registry+https://github.com/rust-lang/crates.io-index"
dependencies = [
 "winapi-i686-pc-windows-gnu 0.3.1 (registry+https://github.com/rust-lang/crates.io-index)",
 "winapi-x86_64-pc-windows-gnu 0.3.1 (registry+https://github.com/rust-lang/crates.io-index)",
]

[[package]]
name = "winapi-i686-pc-windows-gnu"
version = "0.3.1"
source = "registry+https://github.com/rust-lang/crates.io-index"

[[package]]
name = "winapi-x86_64-pc-windows-gnu"
version = "0.3.1"
source = "registry+https://github.com/rust-lang/crates.io-index"

[[package]]
name = "winreg"
version = "0.5.0"
source = "registry+https://github.com/rust-lang/crates.io-index"
dependencies = [
 "winapi 0.3.2 (registry+https://github.com/rust-lang/crates.io-index)",
]

[metadata]
"checksum winapi 0.3.2 (registry+https://github.com/rust-lang/crates.io-index)" = "890b38836c01d72fdb636d15c9cfc52ec7fd783b330abc93cd1686f4308dfccc"
"checksum winapi-i686-pc-windows-gnu 0.3.1 (registry+https://github.com/rust-lang/crates.io-index)" = "ca38ad0b1b8fcebdf9a7906e368ce3a760ffa638c4c4f0cb57f3c26ad34cc86e"
"checksum winapi-x86_64-pc-windows-gnu 0.3.1 (registry+https://github.com/rust-lang/crates.io-index)" = "a824ed89cff621305f4ae379551c65e1fca1eadb1d4a25e3a4e8989080a2d337"
"checksum winreg 0.5.0 (registry+https://github.com/rust-lang/crates.io-index)" = "9338067aba07889a38beaad4dbb77fa2e62e87c423b770824b3bdf412874bd2c"
